
Microsoft Visual Studio Solution File, Format Version 12.00
# Visual Studio Version 17
VisualStudioVersion = 17.4.33213.308
MinimumVisualStudioVersion = 10.0.40219.1
Project("{8BC9CEB8-8B4A-11D0-8D11-00A0C91BC942}") = "Pointers", "Pointers\Pointers.vcxproj", "{1EABEFA6-A0CC-49AB-BB13-547B97AF2B9C}"
EndProject
Project("{8BC9CEB8-8B4A-11D0-8D11-00A0C91BC942}") = "TransferParametrs", "TransferParametrs\TransferParametrs.vcxproj", "{B92C1411-AB42-4538-B46F-619ADCBB72BA}"
EndProject
Project("{8BC9CEB8-8B4A-11D0-8D11-00A0C91BC942}") = "References", "References\References.vcxproj", "{D4CA245B-A0B6-4AC6-9ABA-E4EA9A3EA318}"
EndProject
Project("{8BC9CEB8-8B4A-11D0-8D11-00A0C91BC942}") = "DynamicMemory", "DynamicMemory\DynamicMemory.vcxproj", "{3EFCA95B-A155-4CE1-A4FD-6647C74EF027}"
EndProject
Project("{8BC9CEB8-8B4A-11D0-8D11-00A0C91BC942}") = "Split", "Split\Split.vcxproj", "{1A861BB0-934B-4F65-9138-5D1D04DC0E5D}"
EndProject
Global
	GlobalSection(SolutionConfigurationPlatforms) = preSolution
		Debug|x64 = Debug|x64
		Debug|x86 = Debug|x86
		Release|x64 = Release|x64
		Release|x86 = Release|x86
	EndGlobalSection
	GlobalSection(ProjectConfigurationPlatforms) = postSolution
		{1EABEFA6-A0CC-49AB-BB13-547B97AF2B9C}.Debug|x64.ActiveCfg = Debug|x64
		{1EABEFA6-A0CC-49AB-BB13-547B97AF2B9C}.Debug|x64.Build.0 = Debug|x64
		{1EABEFA6-A0CC-49AB-BB13-547B97AF2B9C}.Debug|x86.ActiveCfg = Debug|Win32
		{1EABEFA6-A0CC-49AB-BB13-547B97AF2B9C}.Debug|x86.Build.0 = Debug|Win32
		{1EABEFA6-A0CC-49AB-BB13-547B97AF2B9C}.Release|x64.ActiveCfg = Release|x64
		{1EABEFA6-A0CC-49AB-BB13-547B97AF2B9C}.Release|x64.Build.0 = Release|x64
		{1EABEFA6-A0CC-49AB-BB13-547B97AF2B9C}.Release|x86.ActiveCfg = Release|Win32
		{1EABEFA6-A0CC-49AB-BB13-547B97AF2B9C}.Release|x86.Build.0 = Release|Win32
		{B92C1411-AB42-4538-B46F-619ADCBB72BA}.Debug|x64.ActiveCfg = Debug|x64
		{B92C1411-AB42-4538-B46F-619ADCBB72BA}.Debug|x64.Build.0 = Debug|x64
		{B92C1411-AB42-4538-B46F-619ADCBB72BA}.Debug|x86.ActiveCfg = Debug|Win32
		{B92C1411-AB42-4538-B46F-619ADCBB72BA}.Debug|x86.Build.0 = Debug|Win32
		{B92C1411-AB42-4538-B46F-619ADCBB72BA}.Release|x64.ActiveCfg = Release|x64
		{B92C1411-AB42-4538-B46F-619ADCBB72BA}.Release|x64.Build.0 = Release|x64
		{B92C1411-AB42-4538-B46F-619ADCBB72BA}.Release|x86.ActiveCfg = Release|Win32
		{B92C1411-AB42-4538-B46F-619ADCBB72BA}.Release|x86.Build.0 = Release|Win32
		{D4CA245B-A0B6-4AC6-9ABA-E4EA9A3EA318}.Debug|x64.ActiveCfg = Debug|x64
		{D4CA245B-A0B6-4AC6-9ABA-E4EA9A3EA318}.Debug|x64.Build.0 = Debug|x64
		{D4CA245B-A0B6-4AC6-9ABA-E4EA9A3EA318}.Debug|x86.ActiveCfg = Debug|Win32
		{D4CA245B-A0B6-4AC6-9ABA-E4EA9A3EA318}.Debug|x86.Build.0 = Debug|Win32
		{D4CA245B-A0B6-4AC6-9ABA-E4EA9A3EA318}.Release|x64.ActiveCfg = Release|x64
		{D4CA245B-A0B6-4AC6-9ABA-E4EA9A3EA318}.Release|x64.Build.0 = Release|x64
		{D4CA245B-A0B6-4AC6-9ABA-E4EA9A3EA318}.Release|x86.ActiveCfg = Release|Win32
		{D4CA245B-A0B6-4AC6-9ABA-E4EA9A3EA318}.Release|x86.Build.0 = Release|Win32
		{3EFCA95B-A155-4CE1-A4FD-6647C74EF027}.Debug|x64.ActiveCfg = Debug|x64
		{3EFCA95B-A155-4CE1-A4FD-6647C74EF027}.Debug|x64.Build.0 = Debug|x64
		{3EFCA95B-A155-4CE1-A4FD-6647C74EF027}.Debug|x86.ActiveCfg = Debug|Win32
		{3EFCA95B-A155-4CE1-A4FD-6647C74EF027}.Debug|x86.Build.0 = Debug|Win32
		{3EFCA95B-A155-4CE1-A4FD-6647C74EF027}.Release|x64.ActiveCfg = Release|x64
		{3EFCA95B-A155-4CE1-A4FD-6647C74EF027}.Release|x64.Build.0 = Release|x64
		{3EFCA95B-A155-4CE1-A4FD-6647C74EF027}.Release|x86.ActiveCfg = Release|Win32
		{3EFCA95B-A155-4CE1-A4FD-6647C74EF027}.Release|x86.Build.0 = Release|Win32
		{1A861BB0-934B-4F65-9138-5D1D04DC0E5D}.Debug|x64.ActiveCfg = Debug|x64
		{1A861BB0-934B-4F65-9138-5D1D04DC0E5D}.Debug|x64.Build.0 = Debug|x64
		{1A861BB0-934B-4F65-9138-5D1D04DC0E5D}.Debug|x86.ActiveCfg = Debug|Win32
		{1A861BB0-934B-4F65-9138-5D1D04DC0E5D}.Debug|x86.Build.0 = Debug|Win32
		{1A861BB0-934B-4F65-9138-5D1D04DC0E5D}.Release|x64.ActiveCfg = Release|x64
		{1A861BB0-934B-4F65-9138-5D1D04DC0E5D}.Release|x64.Build.0 = Release|x64
		{1A861BB0-934B-4F65-9138-5D1D04DC0E5D}.Release|x86.ActiveCfg = Release|Win32
		{1A861BB0-934B-4F65-9138-5D1D04DC0E5D}.Release|x86.Build.0 = Release|Win32
	EndGlobalSection
	GlobalSection(SolutionProperties) = preSolution
		HideSolutionNode = FALSE
	EndGlobalSection
	GlobalSection(ExtensibilityGlobals) = postSolution
		SolutionGuid = {5B3E5572-5E0D-4365-B53B-65D81C88DDA0}
	EndGlobalSection
EndGlobal
